
Microsoft Visual Studio Solution File, Format Version 12.00
# Visual Studio Version 17
VisualStudioVersion = 17.11.35327.3
MinimumVisualStudioVersion = 10.0.40219.1
Project("{FAE04EC0-301F-11D3-BF4B-00C04F79EFBC}") = "telemedicinarural-dotnet-api", "telemedicinarural-dotnet-api\telemedicinarural-dotnet-api.csproj", "{72EA5CEA-8A4E-49FD-B28F-D414BB5F9EA0}"
EndProject
Global
	GlobalSection(SolutionConfigurationPlatforms) = preSolution
		Debug|Any CPU = Debug|Any CPU
		Release|Any CPU = Release|Any CPU
	EndGlobalSection
	GlobalSection(ProjectConfigurationPlatforms) = postSolution
		{72EA5CEA-8A4E-49FD-B28F-D414BB5F9EA0}.Debug|Any CPU.ActiveCfg = Debug|Any CPU
		{72EA5CEA-8A4E-49FD-B28F-D414BB5F9EA0}.Debug|Any CPU.Build.0 = Debug|Any CPU
		{72EA5CEA-8A4E-49FD-B28F-D414BB5F9EA0}.Release|Any CPU.ActiveCfg = Release|Any CPU
		{72EA5CEA-8A4E-49FD-B28F-D414BB5F9EA0}.Release|Any CPU.Build.0 = Release|Any CPU
	EndGlobalSection
	GlobalSection(SolutionProperties) = preSolution
		HideSolutionNode = FALSE
	EndGlobalSection
	GlobalSection(ExtensibilityGlobals) = postSolution
		SolutionGuid = {64A94E81-9730-4239-AA36-BB7092324C48}
	EndGlobalSection
EndGlobal
